
Microsoft Visual Studio Solution File, Format Version 12.00
# Visual Studio Version 17
VisualStudioVersion = 17.10.34916.146
MinimumVisualStudioVersion = 10.0.40219.1
Project("{FAE04EC0-301F-11D3-BF4B-00C04F79EFBC}") = "TPPizza.Web", "TPPizza.Web.csproj", "{11F1ECF7-BFE6-4A38-89F0-F953B417E758}"
EndProject
Global
	GlobalSection(SolutionConfigurationPlatforms) = preSolution
		Debug|Any CPU = Debug|Any CPU
		Release|Any CPU = Release|Any CPU
	EndGlobalSection
	GlobalSection(ProjectConfigurationPlatforms) = postSolution
		{11F1ECF7-BFE6-4A38-89F0-F953B417E758}.Debug|Any CPU.ActiveCfg = Debug|Any CPU
		{11F1ECF7-BFE6-4A38-89F0-F953B417E758}.Debug|Any CPU.Build.0 = Debug|Any CPU
		{11F1ECF7-BFE6-4A38-89F0-F953B417E758}.Release|Any CPU.ActiveCfg = Release|Any CPU
		{11F1ECF7-BFE6-4A38-89F0-F953B417E758}.Release|Any CPU.Build.0 = Release|Any CPU
	EndGlobalSection
	GlobalSection(SolutionProperties) = preSolution
		HideSolutionNode = FALSE
	EndGlobalSection
	GlobalSection(ExtensibilityGlobals) = postSolution
		SolutionGuid = {01174B6A-DDD9-4D1E-8AE4-272FB30B2166}
	EndGlobalSection
EndGlobal
